
Microsoft Visual Studio Solution File, Format Version 12.00
# Visual Studio Version 17
VisualStudioVersion = 17.12.35728.132
MinimumVisualStudioVersion = 10.0.40219.1
Project("{FAE04EC0-301F-11D3-BF4B-00C04F79EFBC}") = "PROG3300Atomic", "PROG3300Atomic\PROG3300Atomic.csproj", "{DE2AC721-2484-428A-9FBD-82A73FFCB87B}"
EndProject
Global
	GlobalSection(SolutionConfigurationPlatforms) = preSolution
		Debug|Any CPU = Debug|Any CPU
		Release|Any CPU = Release|Any CPU
	EndGlobalSection
	GlobalSection(ProjectConfigurationPlatforms) = postSolution
		{DE2AC721-2484-428A-9FBD-82A73FFCB87B}.Debug|Any CPU.ActiveCfg = Debug|Any CPU
		{DE2AC721-2484-428A-9FBD-82A73FFCB87B}.Debug|Any CPU.Build.0 = Debug|Any CPU
		{DE2AC721-2484-428A-9FBD-82A73FFCB87B}.Release|Any CPU.ActiveCfg = Release|Any CPU
		{DE2AC721-2484-428A-9FBD-82A73FFCB87B}.Release|Any CPU.Build.0 = Release|Any CPU
	EndGlobalSection
	GlobalSection(SolutionProperties) = preSolution
		HideSolutionNode = FALSE
	EndGlobalSection
	GlobalSection(ExtensibilityGlobals) = postSolution
		SolutionGuid = {F7C79281-B7D3-4875-B044-39AE0C75A617}
	EndGlobalSection
EndGlobal
